
Microsoft Visual Studio Solution File, Format Version 12.00
# Visual Studio 2013
VisualStudioVersion = 12.0.40629.0
MinimumVisualStudioVersion = 10.0.40219.1
Project("{FAE04EC0-301F-11D3-BF4B-00C04F79EFBC}") = "MyCompany.Scheduler", "MyCompany.Scheduler.csproj", "{DD52DEDF-EF85-419C-B9E8-C79C18D4C739}"
EndProject
Project("{FAE04EC0-301F-11D3-BF4B-00C04F79EFBC}") = "MyCompany.Scheduler.RestApi", "..\MyCompany.Scheduler.RestApi\MyCompany.Scheduler.RestApi.csproj", "{013390AA-C164-4B27-BC61-9D5DA54564F2}"
EndProject
Global
	GlobalSection(SolutionConfigurationPlatforms) = preSolution
		Debug|Any CPU = Debug|Any CPU
		Release|Any CPU = Release|Any CPU
	EndGlobalSection
	GlobalSection(ProjectConfigurationPlatforms) = postSolution
		{DD52DEDF-EF85-419C-B9E8-C79C18D4C739}.Debug|Any CPU.ActiveCfg = Debug|Any CPU
		{DD52DEDF-EF85-419C-B9E8-C79C18D4C739}.Debug|Any CPU.Build.0 = Debug|Any CPU
		{DD52DEDF-EF85-419C-B9E8-C79C18D4C739}.Release|Any CPU.ActiveCfg = Release|Any CPU
		{DD52DEDF-EF85-419C-B9E8-C79C18D4C739}.Release|Any CPU.Build.0 = Release|Any CPU
		{013390AA-C164-4B27-BC61-9D5DA54564F2}.Debug|Any CPU.ActiveCfg = Debug|Any CPU
		{013390AA-C164-4B27-BC61-9D5DA54564F2}.Debug|Any CPU.Build.0 = Debug|Any CPU
		{013390AA-C164-4B27-BC61-9D5DA54564F2}.Release|Any CPU.ActiveCfg = Release|Any CPU
		{013390AA-C164-4B27-BC61-9D5DA54564F2}.Release|Any CPU.Build.0 = Release|Any CPU
	EndGlobalSection
	GlobalSection(SolutionProperties) = preSolution
		HideSolutionNode = FALSE
	EndGlobalSection
EndGlobal
