
Microsoft Visual Studio Solution File, Format Version 12.00
# Visual Studio 2013
VisualStudioVersion = 12.0.40629.0
MinimumVisualStudioVersion = 10.0.40219.1
Project("{FAE04EC0-301F-11D3-BF4B-00C04F79EFBC}") = "MyCompany.Scheduler", "MyCompany.Scheduler.csproj", "{DD52DEDF-EF85-419C-B9E8-C79C18D4C739}"
EndProject
Project("{FAE04EC0-301F-11D3-BF4B-00C04F79EFBC}") = "MyCompany.Scheduler.RestApi", "..\MyCompany.Scheduler.RestApi\MyCompany.Scheduler.RestApi.csproj", "{013390AA-C164-4B27-BC61-9D5DA54564F2}"
EndProject
Project("{FAE04EC0-301F-11D3-BF4B-00C04F79EFBC}") = "MyCompany.Scheduler.DataAccess", "..\MyCompany.Scheduler.DataAccess\MyCompany.Scheduler.DataAccess.csproj", "{7069883C-5B19-483F-93C9-3356E4791E32}"
EndProject
Project("{FAE04EC0-301F-11D3-BF4B-00C04F79EFBC}") = "MyCompany.Scheduler.Services", "..\MyCompany.Scheduler.Services\MyCompany.Scheduler.Services.csproj", "{B15FF156-B71C-4FB1-8324-E3D3A5E5C747}"
EndProject
Project("{FAE04EC0-301F-11D3-BF4B-00C04F79EFBC}") = "MyCompany.Scheduler.Commons", "..\MyCompany.Scheduler.Commons\MyCompany.Scheduler.Commons.csproj", "{CC5C5846-73F9-432D-88ED-2DD8D82DFA92}"
EndProject
Project("{2150E333-8FDC-42A3-9474-1A3956D46DE8}") = "DataAccess", "DataAccess", "{E276E610-3E74-4C13-A434-ABE08CFC7256}"
EndProject
Project("{FAE04EC0-301F-11D3-BF4B-00C04F79EFBC}") = "MyCompany.Scheduler.DataAccess.Memory", "..\MyCompany.Scheduler.DataAccess.Memory\MyCompany.Scheduler.DataAccess.Memory.csproj", "{5C9678F1-39F3-455D-A6FE-8FB998868392}"
EndProject
Project("{FAE04EC0-301F-11D3-BF4B-00C04F79EFBC}") = "MyCompany.Scheduler.Data", "..\MyCompany.Scheduler.Data\MyCompany.Scheduler.Data.csproj", "{D9B138FD-4914-4AA5-A851-04EA1BB9D12B}"
EndProject
Global
	GlobalSection(SolutionConfigurationPlatforms) = preSolution
		Debug|Any CPU = Debug|Any CPU
		Release|Any CPU = Release|Any CPU
	EndGlobalSection
	GlobalSection(ProjectConfigurationPlatforms) = postSolution
		{DD52DEDF-EF85-419C-B9E8-C79C18D4C739}.Debug|Any CPU.ActiveCfg = Debug|Any CPU
		{DD52DEDF-EF85-419C-B9E8-C79C18D4C739}.Debug|Any CPU.Build.0 = Debug|Any CPU
		{DD52DEDF-EF85-419C-B9E8-C79C18D4C739}.Release|Any CPU.ActiveCfg = Release|Any CPU
		{DD52DEDF-EF85-419C-B9E8-C79C18D4C739}.Release|Any CPU.Build.0 = Release|Any CPU
		{013390AA-C164-4B27-BC61-9D5DA54564F2}.Debug|Any CPU.ActiveCfg = Debug|Any CPU
		{013390AA-C164-4B27-BC61-9D5DA54564F2}.Debug|Any CPU.Build.0 = Debug|Any CPU
		{013390AA-C164-4B27-BC61-9D5DA54564F2}.Release|Any CPU.ActiveCfg = Release|Any CPU
		{013390AA-C164-4B27-BC61-9D5DA54564F2}.Release|Any CPU.Build.0 = Release|Any CPU
		{7069883C-5B19-483F-93C9-3356E4791E32}.Debug|Any CPU.ActiveCfg = Debug|Any CPU
		{7069883C-5B19-483F-93C9-3356E4791E32}.Debug|Any CPU.Build.0 = Debug|Any CPU
		{7069883C-5B19-483F-93C9-3356E4791E32}.Release|Any CPU.ActiveCfg = Release|Any CPU
		{7069883C-5B19-483F-93C9-3356E4791E32}.Release|Any CPU.Build.0 = Release|Any CPU
		{B15FF156-B71C-4FB1-8324-E3D3A5E5C747}.Debug|Any CPU.ActiveCfg = Debug|Any CPU
		{B15FF156-B71C-4FB1-8324-E3D3A5E5C747}.Debug|Any CPU.Build.0 = Debug|Any CPU
		{B15FF156-B71C-4FB1-8324-E3D3A5E5C747}.Release|Any CPU.ActiveCfg = Release|Any CPU
		{B15FF156-B71C-4FB1-8324-E3D3A5E5C747}.Release|Any CPU.Build.0 = Release|Any CPU
		{CC5C5846-73F9-432D-88ED-2DD8D82DFA92}.Debug|Any CPU.ActiveCfg = Debug|Any CPU
		{CC5C5846-73F9-432D-88ED-2DD8D82DFA92}.Debug|Any CPU.Build.0 = Debug|Any CPU
		{CC5C5846-73F9-432D-88ED-2DD8D82DFA92}.Release|Any CPU.ActiveCfg = Release|Any CPU
		{CC5C5846-73F9-432D-88ED-2DD8D82DFA92}.Release|Any CPU.Build.0 = Release|Any CPU
		{5C9678F1-39F3-455D-A6FE-8FB998868392}.Debug|Any CPU.ActiveCfg = Debug|Any CPU
		{5C9678F1-39F3-455D-A6FE-8FB998868392}.Debug|Any CPU.Build.0 = Debug|Any CPU
		{5C9678F1-39F3-455D-A6FE-8FB998868392}.Release|Any CPU.ActiveCfg = Release|Any CPU
		{5C9678F1-39F3-455D-A6FE-8FB998868392}.Release|Any CPU.Build.0 = Release|Any CPU
		{D9B138FD-4914-4AA5-A851-04EA1BB9D12B}.Debug|Any CPU.ActiveCfg = Debug|Any CPU
		{D9B138FD-4914-4AA5-A851-04EA1BB9D12B}.Debug|Any CPU.Build.0 = Debug|Any CPU
		{D9B138FD-4914-4AA5-A851-04EA1BB9D12B}.Release|Any CPU.ActiveCfg = Release|Any CPU
		{D9B138FD-4914-4AA5-A851-04EA1BB9D12B}.Release|Any CPU.Build.0 = Release|Any CPU
	EndGlobalSection
	GlobalSection(SolutionProperties) = preSolution
		HideSolutionNode = FALSE
	EndGlobalSection
	GlobalSection(NestedProjects) = preSolution
		{7069883C-5B19-483F-93C9-3356E4791E32} = {E276E610-3E74-4C13-A434-ABE08CFC7256}
		{5C9678F1-39F3-455D-A6FE-8FB998868392} = {E276E610-3E74-4C13-A434-ABE08CFC7256}
	EndGlobalSection
EndGlobal
